
Microsoft Visual Studio Solution File, Format Version 12.00
# Visual Studio Version 17
VisualStudioVersion = 17.10.34707.107
MinimumVisualStudioVersion = 10.0.40219.1
Project("{FAE04EC0-301F-11D3-BF4B-00C04F79EFBC}") = "Calculator", "Calculator.csproj", "{47B89021-DC23-46D3-9C03-337494013235}"
EndProject
Global
	GlobalSection(SolutionConfigurationPlatforms) = preSolution
		Debug|Any CPU = Debug|Any CPU
		Release|Any CPU = Release|Any CPU
	EndGlobalSection
	GlobalSection(ProjectConfigurationPlatforms) = postSolution
		{47B89021-DC23-46D3-9C03-337494013235}.Debug|Any CPU.ActiveCfg = Debug|Any CPU
		{47B89021-DC23-46D3-9C03-337494013235}.Debug|Any CPU.Build.0 = Debug|Any CPU
		{47B89021-DC23-46D3-9C03-337494013235}.Release|Any CPU.ActiveCfg = Release|Any CPU
		{47B89021-DC23-46D3-9C03-337494013235}.Release|Any CPU.Build.0 = Release|Any CPU
	EndGlobalSection
	GlobalSection(SolutionProperties) = preSolution
		HideSolutionNode = FALSE
	EndGlobalSection
	GlobalSection(ExtensibilityGlobals) = postSolution
		SolutionGuid = {46DDB21B-211E-4CA4-AF0B-0D8B2D5B292E}
	EndGlobalSection
EndGlobal
